
Microsoft Visual Studio Solution File, Format Version 12.00
# Visual Studio Version 16
VisualStudioVersion = 16.0.31729.503
MinimumVisualStudioVersion = 10.0.40219.1
Project("{FAE04EC0-301F-11D3-BF4B-00C04F79EFBC}") = "ImcApp.UWP", "ImcApp\ImcApp.UWP\ImcApp.UWP.csproj", "{B8FC56C1-62E9-4B28-9D35-C60FE4A5DFD2}"
EndProject
Project("{FAE04EC0-301F-11D3-BF4B-00C04F79EFBC}") = "ImcApp.Android", "ImcApp\ImcApp.Android\ImcApp.Android.csproj", "{70B44021-2D9F-4698-B78C-654944FDDB33}"
EndProject
Project("{FAE04EC0-301F-11D3-BF4B-00C04F79EFBC}") = "ImcApp.iOS", "ImcApp\ImcApp.iOS\ImcApp.iOS.csproj", "{3F6562F5-02CA-480E-A4E5-AA25F41E2ED3}"
EndProject
Project("{FAE04EC0-301F-11D3-BF4B-00C04F79EFBC}") = "ImcApp", "ImcApp\ImcApp\ImcApp.csproj", "{83288245-830D-4B3E-A9A9-6A8CC19BE73C}"
EndProject
Global
	GlobalSection(SolutionConfigurationPlatforms) = preSolution
		Debug|Any CPU = Debug|Any CPU
		Debug|ARM = Debug|ARM
		Debug|iPhone = Debug|iPhone
		Debug|iPhoneSimulator = Debug|iPhoneSimulator
		Debug|x64 = Debug|x64
		Debug|x86 = Debug|x86
		Release|Any CPU = Release|Any CPU
		Release|ARM = Release|ARM
		Release|iPhone = Release|iPhone
		Release|iPhoneSimulator = Release|iPhoneSimulator
		Release|x64 = Release|x64
		Release|x86 = Release|x86
	EndGlobalSection
	GlobalSection(ProjectConfigurationPlatforms) = postSolution
		{B8FC56C1-62E9-4B28-9D35-C60FE4A5DFD2}.Debug|Any CPU.ActiveCfg = Debug|x86
		{B8FC56C1-62E9-4B28-9D35-C60FE4A5DFD2}.Debug|Any CPU.Build.0 = Debug|x86
		{B8FC56C1-62E9-4B28-9D35-C60FE4A5DFD2}.Debug|Any CPU.Deploy.0 = Debug|x86
		{B8FC56C1-62E9-4B28-9D35-C60FE4A5DFD2}.Debug|ARM.ActiveCfg = Debug|ARM
		{B8FC56C1-62E9-4B28-9D35-C60FE4A5DFD2}.Debug|ARM.Build.0 = Debug|ARM
		{B8FC56C1-62E9-4B28-9D35-C60FE4A5DFD2}.Debug|ARM.Deploy.0 = Debug|ARM
		{B8FC56C1-62E9-4B28-9D35-C60FE4A5DFD2}.Debug|iPhone.ActiveCfg = Debug|x86
		{B8FC56C1-62E9-4B28-9D35-C60FE4A5DFD2}.Debug|iPhone.Build.0 = Debug|x86
		{B8FC56C1-62E9-4B28-9D35-C60FE4A5DFD2}.Debug|iPhone.Deploy.0 = Debug|x86
		{B8FC56C1-62E9-4B28-9D35-C60FE4A5DFD2}.Debug|iPhoneSimulator.ActiveCfg = Debug|x86
		{B8FC56C1-62E9-4B28-9D35-C60FE4A5DFD2}.Debug|iPhoneSimulator.Build.0 = Debug|x86
		{B8FC56C1-62E9-4B28-9D35-C60FE4A5DFD2}.Debug|iPhoneSimulator.Deploy.0 = Debug|x86
		{B8FC56C1-62E9-4B28-9D35-C60FE4A5DFD2}.Debug|x64.ActiveCfg = Debug|x64
		{B8FC56C1-62E9-4B28-9D35-C60FE4A5DFD2}.Debug|x64.Build.0 = Debug|x64
		{B8FC56C1-62E9-4B28-9D35-C60FE4A5DFD2}.Debug|x64.Deploy.0 = Debug|x64
		{B8FC56C1-62E9-4B28-9D35-C60FE4A5DFD2}.Debug|x86.ActiveCfg = Debug|x86
		{B8FC56C1-62E9-4B28-9D35-C60FE4A5DFD2}.Debug|x86.Build.0 = Debug|x86
		{B8FC56C1-62E9-4B28-9D35-C60FE4A5DFD2}.Debug|x86.Deploy.0 = Debug|x86
		{B8FC56C1-62E9-4B28-9D35-C60FE4A5DFD2}.Release|Any CPU.ActiveCfg = Release|x86
		{B8FC56C1-62E9-4B28-9D35-C60FE4A5DFD2}.Release|Any CPU.Build.0 = Release|x86
		{B8FC56C1-62E9-4B28-9D35-C60FE4A5DFD2}.Release|Any CPU.Deploy.0 = Release|x86
		{B8FC56C1-62E9-4B28-9D35-C60FE4A5DFD2}.Release|ARM.ActiveCfg = Release|ARM
		{B8FC56C1-62E9-4B28-9D35-C60FE4A5DFD2}.Release|ARM.Build.0 = Release|ARM
		{B8FC56C1-62E9-4B28-9D35-C60FE4A5DFD2}.Release|ARM.Deploy.0 = Release|ARM
		{B8FC56C1-62E9-4B28-9D35-C60FE4A5DFD2}.Release|iPhone.ActiveCfg = Release|x86
		{B8FC56C1-62E9-4B28-9D35-C60FE4A5DFD2}.Release|iPhone.Build.0 = Release|x86
		{B8FC56C1-62E9-4B28-9D35-C60FE4A5DFD2}.Release|iPhone.Deploy.0 = Release|x86
		{B8FC56C1-62E9-4B28-9D35-C60FE4A5DFD2}.Release|iPhoneSimulator.ActiveCfg = Release|x86
		{B8FC56C1-62E9-4B28-9D35-C60FE4A5DFD2}.Release|iPhoneSimulator.Build.0 = Release|x86
		{B8FC56C1-62E9-4B28-9D35-C60FE4A5DFD2}.Release|iPhoneSimulator.Deploy.0 = Release|x86
		{B8FC56C1-62E9-4B28-9D35-C60FE4A5DFD2}.Release|x64.ActiveCfg = Release|x64
		{B8FC56C1-62E9-4B28-9D35-C60FE4A5DFD2}.Release|x64.Build.0 = Release|x64
		{B8FC56C1-62E9-4B28-9D35-C60FE4A5DFD2}.Release|x64.Deploy.0 = Release|x64
		{B8FC56C1-62E9-4B28-9D35-C60FE4A5DFD2}.Release|x86.ActiveCfg = Release|x86
		{B8FC56C1-62E9-4B28-9D35-C60FE4A5DFD2}.Release|x86.Build.0 = Release|x86
		{B8FC56C1-62E9-4B28-9D35-C60FE4A5DFD2}.Release|x86.Deploy.0 = Release|x86
		{70B44021-2D9F-4698-B78C-654944FDDB33}.Debug|Any CPU.ActiveCfg = Debug|Any CPU
		{70B44021-2D9F-4698-B78C-654944FDDB33}.Debug|Any CPU.Build.0 = Debug|Any CPU
		{70B44021-2D9F-4698-B78C-654944FDDB33}.Debug|Any CPU.Deploy.0 = Debug|Any CPU
		{70B44021-2D9F-4698-B78C-654944FDDB33}.Debug|ARM.ActiveCfg = Debug|Any CPU
		{70B44021-2D9F-4698-B78C-654944FDDB33}.Debug|ARM.Build.0 = Debug|Any CPU
		{70B44021-2D9F-4698-B78C-654944FDDB33}.Debug|ARM.Deploy.0 = Debug|Any CPU
		{70B44021-2D9F-4698-B78C-654944FDDB33}.Debug|iPhone.ActiveCfg = Debug|Any CPU
		{70B44021-2D9F-4698-B78C-654944FDDB33}.Debug|iPhone.Build.0 = Debug|Any CPU
		{70B44021-2D9F-4698-B78C-654944FDDB33}.Debug|iPhone.Deploy.0 = Debug|Any CPU
		{70B44021-2D9F-4698-B78C-654944FDDB33}.Debug|iPhoneSimulator.ActiveCfg = Debug|Any CPU
		{70B44021-2D9F-4698-B78C-654944FDDB33}.Debug|iPhoneSimulator.Build.0 = Debug|Any CPU
		{70B44021-2D9F-4698-B78C-654944FDDB33}.Debug|iPhoneSimulator.Deploy.0 = Debug|Any CPU
		{70B44021-2D9F-4698-B78C-654944FDDB33}.Debug|x64.ActiveCfg = Debug|Any CPU
		{70B44021-2D9F-4698-B78C-654944FDDB33}.Debug|x64.Build.0 = Debug|Any CPU
		{70B44021-2D9F-4698-B78C-654944FDDB33}.Debug|x64.Deploy.0 = Debug|Any CPU
		{70B44021-2D9F-4698-B78C-654944FDDB33}.Debug|x86.ActiveCfg = Debug|Any CPU
		{70B44021-2D9F-4698-B78C-654944FDDB33}.Debug|x86.Build.0 = Debug|Any CPU
		{70B44021-2D9F-4698-B78C-654944FDDB33}.Debug|x86.Deploy.0 = Debug|Any CPU
		{70B44021-2D9F-4698-B78C-654944FDDB33}.Release|Any CPU.ActiveCfg = Release|Any CPU
		{70B44021-2D9F-4698-B78C-654944FDDB33}.Release|Any CPU.Build.0 = Release|Any CPU
		{70B44021-2D9F-4698-B78C-654944FDDB33}.Release|Any CPU.Deploy.0 = Release|Any CPU
		{70B44021-2D9F-4698-B78C-654944FDDB33}.Release|ARM.ActiveCfg = Release|Any CPU
		{70B44021-2D9F-4698-B78C-654944FDDB33}.Release|ARM.Build.0 = Release|Any CPU
		{70B44021-2D9F-4698-B78C-654944FDDB33}.Release|ARM.Deploy.0 = Release|Any CPU
		{70B44021-2D9F-4698-B78C-654944FDDB33}.Release|iPhone.ActiveCfg = Release|Any CPU
		{70B44021-2D9F-4698-B78C-654944FDDB33}.Release|iPhone.Build.0 = Release|Any CPU
		{70B44021-2D9F-4698-B78C-654944FDDB33}.Release|iPhone.Deploy.0 = Release|Any CPU
		{70B44021-2D9F-4698-B78C-654944FDDB33}.Release|iPhoneSimulator.ActiveCfg = Release|Any CPU
		{70B44021-2D9F-4698-B78C-654944FDDB33}.Release|iPhoneSimulator.Build.0 = Release|Any CPU
		{70B44021-2D9F-4698-B78C-654944FDDB33}.Release|iPhoneSimulator.Deploy.0 = Release|Any CPU
		{70B44021-2D9F-4698-B78C-654944FDDB33}.Release|x64.ActiveCfg = Release|Any CPU
		{70B44021-2D9F-4698-B78C-654944FDDB33}.Release|x64.Build.0 = Release|Any CPU
		{70B44021-2D9F-4698-B78C-654944FDDB33}.Release|x64.Deploy.0 = Release|Any CPU
		{70B44021-2D9F-4698-B78C-654944FDDB33}.Release|x86.ActiveCfg = Release|Any CPU
		{70B44021-2D9F-4698-B78C-654944FDDB33}.Release|x86.Build.0 = Release|Any CPU
		{70B44021-2D9F-4698-B78C-654944FDDB33}.Release|x86.Deploy.0 = Release|Any CPU
		{3F6562F5-02CA-480E-A4E5-AA25F41E2ED3}.Debug|Any CPU.ActiveCfg = Debug|iPhoneSimulator
		{3F6562F5-02CA-480E-A4E5-AA25F41E2ED3}.Debug|Any CPU.Build.0 = Debug|iPhoneSimulator
		{3F6562F5-02CA-480E-A4E5-AA25F41E2ED3}.Debug|Any CPU.Deploy.0 = Debug|iPhoneSimulator
		{3F6562F5-02CA-480E-A4E5-AA25F41E2ED3}.Debug|ARM.ActiveCfg = Debug|iPhone
		{3F6562F5-02CA-480E-A4E5-AA25F41E2ED3}.Debug|ARM.Build.0 = Debug|iPhone
		{3F6562F5-02CA-480E-A4E5-AA25F41E2ED3}.Debug|ARM.Deploy.0 = Debug|iPhone
		{3F6562F5-02CA-480E-A4E5-AA25F41E2ED3}.Debug|iPhone.ActiveCfg = Debug|iPhone
		{3F6562F5-02CA-480E-A4E5-AA25F41E2ED3}.Debug|iPhone.Build.0 = Debug|iPhone
		{3F6562F5-02CA-480E-A4E5-AA25F41E2ED3}.Debug|iPhone.Deploy.0 = Debug|iPhone
		{3F6562F5-02CA-480E-A4E5-AA25F41E2ED3}.Debug|iPhoneSimulator.ActiveCfg = Debug|iPhoneSimulator
		{3F6562F5-02CA-480E-A4E5-AA25F41E2ED3}.Debug|iPhoneSimulator.Build.0 = Debug|iPhoneSimulator
		{3F6562F5-02CA-480E-A4E5-AA25F41E2ED3}.Debug|iPhoneSimulator.Deploy.0 = Debug|iPhoneSimulator
		{3F6562F5-02CA-480E-A4E5-AA25F41E2ED3}.Debug|x64.ActiveCfg = Debug|iPhoneSimulator
		{3F6562F5-02CA-480E-A4E5-AA25F41E2ED3}.Debug|x64.Build.0 = Debug|iPhoneSimulator
		{3F6562F5-02CA-480E-A4E5-AA25F41E2ED3}.Debug|x64.Deploy.0 = Debug|iPhoneSimulator
		{3F6562F5-02CA-480E-A4E5-AA25F41E2ED3}.Debug|x86.ActiveCfg = Debug|iPhoneSimulator
		{3F6562F5-02CA-480E-A4E5-AA25F41E2ED3}.Debug|x86.Build.0 = Debug|iPhoneSimulator
		{3F6562F5-02CA-480E-A4E5-AA25F41E2ED3}.Debug|x86.Deploy.0 = Debug|iPhoneSimulator
		{3F6562F5-02CA-480E-A4E5-AA25F41E2ED3}.Release|Any CPU.ActiveCfg = Release|iPhoneSimulator
		{3F6562F5-02CA-480E-A4E5-AA25F41E2ED3}.Release|Any CPU.Build.0 = Release|iPhoneSimulator
		{3F6562F5-02CA-480E-A4E5-AA25F41E2ED3}.Release|Any CPU.Deploy.0 = Release|iPhoneSimulator
		{3F6562F5-02CA-480E-A4E5-AA25F41E2ED3}.Release|ARM.ActiveCfg = Release|iPhoneSimulator
		{3F6562F5-02CA-480E-A4E5-AA25F41E2ED3}.Release|ARM.Build.0 = Release|iPhoneSimulator
		{3F6562F5-02CA-480E-A4E5-AA25F41E2ED3}.Release|ARM.Deploy.0 = Release|iPhoneSimulator
		{3F6562F5-02CA-480E-A4E5-AA25F41E2ED3}.Release|iPhone.ActiveCfg = Release|iPhone
		{3F6562F5-02CA-480E-A4E5-AA25F41E2ED3}.Release|iPhone.Build.0 = Release|iPhone
		{3F6562F5-02CA-480E-A4E5-AA25F41E2ED3}.Release|iPhone.Deploy.0 = Release|iPhone
		{3F6562F5-02CA-480E-A4E5-AA25F41E2ED3}.Release|iPhoneSimulator.ActiveCfg = Release|iPhoneSimulator
		{3F6562F5-02CA-480E-A4E5-AA25F41E2ED3}.Release|iPhoneSimulator.Build.0 = Release|iPhoneSimulator
		{3F6562F5-02CA-480E-A4E5-AA25F41E2ED3}.Release|iPhoneSimulator.Deploy.0 = Release|iPhoneSimulator
		{3F6562F5-02CA-480E-A4E5-AA25F41E2ED3}.Release|x64.ActiveCfg = Release|iPhoneSimulator
		{3F6562F5-02CA-480E-A4E5-AA25F41E2ED3}.Release|x64.Build.0 = Release|iPhoneSimulator
		{3F6562F5-02CA-480E-A4E5-AA25F41E2ED3}.Release|x64.Deploy.0 = Release|iPhoneSimulator
		{3F6562F5-02CA-480E-A4E5-AA25F41E2ED3}.Release|x86.ActiveCfg = Release|iPhoneSimulator
		{3F6562F5-02CA-480E-A4E5-AA25F41E2ED3}.Release|x86.Build.0 = Release|iPhoneSimulator
		{3F6562F5-02CA-480E-A4E5-AA25F41E2ED3}.Release|x86.Deploy.0 = Release|iPhoneSimulator
		{83288245-830D-4B3E-A9A9-6A8CC19BE73C}.Debug|Any CPU.ActiveCfg = Debug|Any CPU
		{83288245-830D-4B3E-A9A9-6A8CC19BE73C}.Debug|Any CPU.Build.0 = Debug|Any CPU
		{83288245-830D-4B3E-A9A9-6A8CC19BE73C}.Debug|Any CPU.Deploy.0 = Debug|Any CPU
		{83288245-830D-4B3E-A9A9-6A8CC19BE73C}.Debug|ARM.ActiveCfg = Debug|Any CPU
		{83288245-830D-4B3E-A9A9-6A8CC19BE73C}.Debug|ARM.Build.0 = Debug|Any CPU
		{83288245-830D-4B3E-A9A9-6A8CC19BE73C}.Debug|ARM.Deploy.0 = Debug|Any CPU
		{83288245-830D-4B3E-A9A9-6A8CC19BE73C}.Debug|iPhone.ActiveCfg = Debug|Any CPU
		{83288245-830D-4B3E-A9A9-6A8CC19BE73C}.Debug|iPhone.Build.0 = Debug|Any CPU
		{83288245-830D-4B3E-A9A9-6A8CC19BE73C}.Debug|iPhone.Deploy.0 = Debug|Any CPU
		{83288245-830D-4B3E-A9A9-6A8CC19BE73C}.Debug|iPhoneSimulator.ActiveCfg = Debug|Any CPU
		{83288245-830D-4B3E-A9A9-6A8CC19BE73C}.Debug|iPhoneSimulator.Build.0 = Debug|Any CPU
		{83288245-830D-4B3E-A9A9-6A8CC19BE73C}.Debug|iPhoneSimulator.Deploy.0 = Debug|Any CPU
		{83288245-830D-4B3E-A9A9-6A8CC19BE73C}.Debug|x64.ActiveCfg = Debug|Any CPU
		{83288245-830D-4B3E-A9A9-6A8CC19BE73C}.Debug|x64.Build.0 = Debug|Any CPU
		{83288245-830D-4B3E-A9A9-6A8CC19BE73C}.Debug|x64.Deploy.0 = Debug|Any CPU
		{83288245-830D-4B3E-A9A9-6A8CC19BE73C}.Debug|x86.ActiveCfg = Debug|Any CPU
		{83288245-830D-4B3E-A9A9-6A8CC19BE73C}.Debug|x86.Build.0 = Debug|Any CPU
		{83288245-830D-4B3E-A9A9-6A8CC19BE73C}.Debug|x86.Deploy.0 = Debug|Any CPU
		{83288245-830D-4B3E-A9A9-6A8CC19BE73C}.Release|Any CPU.ActiveCfg = Release|Any CPU
		{83288245-830D-4B3E-A9A9-6A8CC19BE73C}.Release|Any CPU.Build.0 = Release|Any CPU
		{83288245-830D-4B3E-A9A9-6A8CC19BE73C}.Release|Any CPU.Deploy.0 = Release|Any CPU
		{83288245-830D-4B3E-A9A9-6A8CC19BE73C}.Release|ARM.ActiveCfg = Release|Any CPU
		{83288245-830D-4B3E-A9A9-6A8CC19BE73C}.Release|ARM.Build.0 = Release|Any CPU
		{83288245-830D-4B3E-A9A9-6A8CC19BE73C}.Release|ARM.Deploy.0 = Release|Any CPU
		{83288245-830D-4B3E-A9A9-6A8CC19BE73C}.Release|iPhone.ActiveCfg = Release|Any CPU
		{83288245-830D-4B3E-A9A9-6A8CC19BE73C}.Release|iPhone.Build.0 = Release|Any CPU
		{83288245-830D-4B3E-A9A9-6A8CC19BE73C}.Release|iPhone.Deploy.0 = Release|Any CPU
		{83288245-830D-4B3E-A9A9-6A8CC19BE73C}.Release|iPhoneSimulator.ActiveCfg = Release|Any CPU
		{83288245-830D-4B3E-A9A9-6A8CC19BE73C}.Release|iPhoneSimulator.Build.0 = Release|Any CPU
		{83288245-830D-4B3E-A9A9-6A8CC19BE73C}.Release|iPhoneSimulator.Deploy.0 = Release|Any CPU
		{83288245-830D-4B3E-A9A9-6A8CC19BE73C}.Release|x64.ActiveCfg = Release|Any CPU
		{83288245-830D-4B3E-A9A9-6A8CC19BE73C}.Release|x64.Build.0 = Release|Any CPU
		{83288245-830D-4B3E-A9A9-6A8CC19BE73C}.Release|x64.Deploy.0 = Release|Any CPU
		{83288245-830D-4B3E-A9A9-6A8CC19BE73C}.Release|x86.ActiveCfg = Release|Any CPU
		{83288245-830D-4B3E-A9A9-6A8CC19BE73C}.Release|x86.Build.0 = Release|Any CPU
		{83288245-830D-4B3E-A9A9-6A8CC19BE73C}.Release|x86.Deploy.0 = Release|Any CPU
	EndGlobalSection
	GlobalSection(SolutionProperties) = preSolution
		HideSolutionNode = FALSE
	EndGlobalSection
	GlobalSection(ExtensibilityGlobals) = postSolution
		SolutionGuid = {25208EBB-1E6F-4848-B6EF-5D8CBB8FC8A0}
	EndGlobalSection
EndGlobal
